{
  "name": "rsocket-examples-websocket-simple-server",
  "version": "0.0.0",
  "lockfileVersion": 2,
  "requires": true,
  "packages": {
    "": {
      "name": "rsocket-examples-websocket-simple-server",
      "version": "0.0.0",
      "license": "Apache-2.0",
      "dependencies": {
        "rsocket-adapter-rxjs": "^1.0.0-alpha.4",
        "rsocket-composite-metadata": "^1.0.0-alpha.3",
        "rsocket-core": "^1.0.0-alpha.3",
        "rsocket-tcp-client": "^1.0.0-alpha.3",
        "rsocket-tcp-server": "^1.0.0-alpha.3",
        "rsocket-websocket-client": "^1.0.0-alpha.3",
        "rsocket-websocket-server": "^1.0.0-alpha.3",
        "ws": "~8.2.3"
      },
      "engines": {
        "node": "^16.17.0"
      }
    },
    "node_modules/rsocket-adapter-rxjs": {
      "version": "1.0.0-alpha.4",
      "resolved": "https://registry.npmjs.org/rsocket-adapter-rxjs/-/rsocket-adapter-rxjs-1.0.0-alpha.4.tgz",
      "integrity": "sha512-rfrsui1/M1pBG8A47wsgpBwHU8xdy/xgdGFIC3ICQuBLBhJeENDt+dcZXu8/MaEyWQH3GXvIGBeargd0FZTF8A==",
      "dependencies": {
        "rsocket-core": "^1.0.0-alpha.3",
        "rsocket-messaging": "^1.0.0-alpha.3",
        "rxjs": "^7.4.0"
      }
    },
    "node_modules/rsocket-composite-metadata": {
      "version": "1.0.0-alpha.3",
      "resolved": "https://registry.npmjs.org/rsocket-composite-metadata/-/rsocket-composite-metadata-1.0.0-alpha.3.tgz",
      "integrity": "sha512-o+msmc1pXnejLw4TDgMllynS9/L3TGJM25kqedTxqU6wVF9jnTA95w7T4scGwwX6qiAryT90HQGUaT+An44X3w==",
      "dependencies": {
        "rsocket-core": "^1.0.0-alpha.3"
      }
    },
    "node_modules/rsocket-core": {
      "version": "1.0.0-alpha-rxjs-adapter-optional-metadata.0",
      "resolved": "https://registry.npmjs.org/rsocket-core/-/rsocket-core-1.0.0-alpha-rxjs-adapter-optional-metadata.0.tgz",
      "integrity": "sha512-FXieO2E8d4UC7mW7K01IRMtgwZ1BZk7l4ZEvgnD8xEKdt//9ks5IfiDZPvi1w9P4YFp/IrI7lL3dqhkOF0Ez/g=="
    },
    "node_modules/rsocket-messaging": {
      "version": "1.0.0-alpha.3",
      "resolved": "https://registry.npmjs.org/rsocket-messaging/-/rsocket-messaging-1.0.0-alpha.3.tgz",
      "integrity": "sha512-fr/BDCLI4DMyzVI5hHsABVpKlKxGX8rbfdgcXgY6VKuBlDIX0oqGApqLdSq0YfvNpgjlpuOXYj4vlhLku959Yw==",
      "dependencies": {
        "rsocket-composite-metadata": "^1.0.0-alpha.3",
        "rsocket-core": "^1.0.0-alpha.3"
      }
    },
    "node_modules/rsocket-tcp-client": {
      "version": "1.0.0-alpha-rxjs-adapter-optional-metadata.0",
      "resolved": "https://registry.npmjs.org/rsocket-tcp-client/-/rsocket-tcp-client-1.0.0-alpha-rxjs-adapter-optional-metadata.0.tgz",
      "integrity": "sha512-yMJx3oTuY0MpbiUcb0aE/3RCdcqtjQQ6SmIOXDpeltd9xHeYfh3PmR3cD2N+lnlAcfF1HahyMTKRkJ5k0HxG7Q==",
      "dependencies": {
        "rsocket-core": "^1.0.0-alpha-rxjs-adapter-optional-metadata.0"
      }
    },
    "node_modules/rsocket-tcp-server": {
      "version": "1.0.0-alpha-rxjs-adapter-optional-metadata.0",
      "resolved": "https://registry.npmjs.org/rsocket-tcp-server/-/rsocket-tcp-server-1.0.0-alpha-rxjs-adapter-optional-metadata.0.tgz",
      "integrity": "sha512-8R/P80mVZxf4IByWfauLUJ74KHiZInrNw9E69yuMzefaiV7O0Tv07jeYpCkbbF+LTMNk0Z1vQ/Ll7yfAOhXgFg==",
      "dependencies": {
        "rsocket-core": "^1.0.0-alpha-rxjs-adapter-optional-metadata.0"
      }
    },
    "node_modules/rsocket-websocket-client": {
      "version": "1.0.0-alpha-rxjs-adapter-optional-metadata.0",
      "resolved": "https://registry.npmjs.org/rsocket-websocket-client/-/rsocket-websocket-client-1.0.0-alpha-rxjs-adapter-optional-metadata.0.tgz",
      "integrity": "sha512-CFnXY/DdP/tyDQbvgiGWk+v/A7t1aj6gqKmka8A0Qesb+NBy+1ck/Mwq68JNNhvWlmESGqPmErmPDJ9d3XeMOA==",
      "dependencies": {
        "rsocket-core": "^1.0.0-alpha-rxjs-adapter-optional-metadata.0"
      }
    },
    "node_modules/rsocket-websocket-server": {
      "version": "1.0.0-alpha-rxjs-adapter-optional-metadata.0",
      "resolved": "https://registry.npmjs.org/rsocket-websocket-server/-/rsocket-websocket-server-1.0.0-alpha-rxjs-adapter-optional-metadata.0.tgz",
      "integrity": "sha512-olNVyliABOMlHvcfgtDYtFwuCq79EY6XVrjhxuE57ZhA1l7wHJXAY2eSeDj1IWGnromgO7Bo9Yn06VaN+bFa6Q==",
      "dependencies": {
        "rsocket-core": "^1.0.0-alpha-rxjs-adapter-optional-metadata.0",
        "ws": "~8.2.3"
      }
    },
    "node_modules/rxjs": {
      "version": "7.8.1",
      "resolved": "https://registry.npmjs.org/rxjs/-/rxjs-7.8.1.tgz",
      "integrity": "sha512-AA3TVj+0A2iuIoQkWEK/tqFjBq2j+6PO6Y0zJcvzLAFhEFIO3HL0vls9hWLncZbAAbK0mar7oZ4V079I/qPMxg==",
      "dependencies": {
        "tslib": "^2.1.0"
      }
    },
    "node_modules/tslib": {
      "version": "2.6.3",
      "resolved": "https://registry.npmjs.org/tslib/-/tslib-2.6.3.tgz",
      "integrity": "sha512-xNvxJEOUiWPGhUuUdQgAJPKOOJfGnIyKySOc09XkKsgdUV/3E2zvwZYdejjmRgPCgcym1juLH3226yA7sEFJKQ=="
    },
    "node_modules/ws": {
      "version": "8.2.3",
      "resolved": "https://registry.npmjs.org/ws/-/ws-8.2.3.tgz",
      "integrity": "sha512-wBuoj1BDpC6ZQ1B7DWQBYVLphPWkm8i9Y0/3YdHjHKHiohOJ1ws+3OccDWtH+PoC9DZD5WOTrJvNbWvjS6JWaA==",
      "engines": {
        "node": ">=10.0.0"
      },
      "peerDependencies": {
        "bufferutil": "^4.0.1",
        "utf-8-validate": "^5.0.2"
      },
      "peerDependenciesMeta": {
        "bufferutil": {
          "optional": true
        },
        "utf-8-validate": {
          "optional": true
        }
      }
    }
  },
  "dependencies": {
    "rsocket-adapter-rxjs": {
      "version": "1.0.0-alpha.4",
      "resolved": "https://registry.npmjs.org/rsocket-adapter-rxjs/-/rsocket-adapter-rxjs-1.0.0-alpha.4.tgz",
      "integrity": "sha512-rfrsui1/M1pBG8A47wsgpBwHU8xdy/xgdGFIC3ICQuBLBhJeENDt+dcZXu8/MaEyWQH3GXvIGBeargd0FZTF8A==",
      "requires": {
        "rsocket-core": "^1.0.0-alpha.3",
        "rsocket-messaging": "^1.0.0-alpha.3",
        "rxjs": "^7.4.0"
      }
    },
    "rsocket-composite-metadata": {
      "version": "1.0.0-alpha.3",
      "resolved": "https://registry.npmjs.org/rsocket-composite-metadata/-/rsocket-composite-metadata-1.0.0-alpha.3.tgz",
      "integrity": "sha512-o+msmc1pXnejLw4TDgMllynS9/L3TGJM25kqedTxqU6wVF9jnTA95w7T4scGwwX6qiAryT90HQGUaT+An44X3w==",
      "requires": {
        "rsocket-core": "^1.0.0-alpha.3"
      }
    },
    "rsocket-core": {
      "version": "1.0.0-alpha-rxjs-adapter-optional-metadata.0",
      "resolved": "https://registry.npmjs.org/rsocket-core/-/rsocket-core-1.0.0-alpha-rxjs-adapter-optional-metadata.0.tgz",
      "integrity": "sha512-FXieO2E8d4UC7mW7K01IRMtgwZ1BZk7l4ZEvgnD8xEKdt//9ks5IfiDZPvi1w9P4YFp/IrI7lL3dqhkOF0Ez/g=="
    },
    "rsocket-messaging": {
      "version": "1.0.0-alpha.3",
      "resolved": "https://registry.npmjs.org/rsocket-messaging/-/rsocket-messaging-1.0.0-alpha.3.tgz",
      "integrity": "sha512-fr/BDCLI4DMyzVI5hHsABVpKlKxGX8rbfdgcXgY6VKuBlDIX0oqGApqLdSq0YfvNpgjlpuOXYj4vlhLku959Yw==",
      "requires": {
        "rsocket-composite-metadata": "^1.0.0-alpha.3",
        "rsocket-core": "^1.0.0-alpha.3"
      }
    },
    "rsocket-tcp-client": {
      "version": "1.0.0-alpha-rxjs-adapter-optional-metadata.0",
      "resolved": "https://registry.npmjs.org/rsocket-tcp-client/-/rsocket-tcp-client-1.0.0-alpha-rxjs-adapter-optional-metadata.0.tgz",
      "integrity": "sha512-yMJx3oTuY0MpbiUcb0aE/3RCdcqtjQQ6SmIOXDpeltd9xHeYfh3PmR3cD2N+lnlAcfF1HahyMTKRkJ5k0HxG7Q==",
      "requires": {
        "rsocket-core": "^1.0.0-alpha-rxjs-adapter-optional-metadata.0"
      }
    },
    "rsocket-tcp-server": {
      "version": "1.0.0-alpha-rxjs-adapter-optional-metadata.0",
      "resolved": "https://registry.npmjs.org/rsocket-tcp-server/-/rsocket-tcp-server-1.0.0-alpha-rxjs-adapter-optional-metadata.0.tgz",
      "integrity": "sha512-8R/P80mVZxf4IByWfauLUJ74KHiZInrNw9E69yuMzefaiV7O0Tv07jeYpCkbbF+LTMNk0Z1vQ/Ll7yfAOhXgFg==",
      "requires": {
        "rsocket-core": "^1.0.0-alpha-rxjs-adapter-optional-metadata.0"
      }
    },
    "rsocket-websocket-client": {
      "version": "1.0.0-alpha-rxjs-adapter-optional-metadata.0",
      "resolved": "https://registry.npmjs.org/rsocket-websocket-client/-/rsocket-websocket-client-1.0.0-alpha-rxjs-adapter-optional-metadata.0.tgz",
      "integrity": "sha512-CFnXY/DdP/tyDQbvgiGWk+v/A7t1aj6gqKmka8A0Qesb+NBy+1ck/Mwq68JNNhvWlmESGqPmErmPDJ9d3XeMOA==",
      "requires": {
        "rsocket-core": "^1.0.0-alpha-rxjs-adapter-optional-metadata.0"
      }
    },
    "rsocket-websocket-server": {
      "version": "1.0.0-alpha-rxjs-adapter-optional-metadata.0",
      "resolved": "https://registry.npmjs.org/rsocket-websocket-server/-/rsocket-websocket-server-1.0.0-alpha-rxjs-adapter-optional-metadata.0.tgz",
      "integrity": "sha512-olNVyliABOMlHvcfgtDYtFwuCq79EY6XVrjhxuE57ZhA1l7wHJXAY2eSeDj1IWGnromgO7Bo9Yn06VaN+bFa6Q==",
      "requires": {
        "rsocket-core": "^1.0.0-alpha-rxjs-adapter-optional-metadata.0",
        "ws": "~8.2.3"
      }
    },
    "rxjs": {
      "version": "7.8.1",
      "resolved": "https://registry.npmjs.org/rxjs/-/rxjs-7.8.1.tgz",
      "integrity": "sha512-AA3TVj+0A2iuIoQkWEK/tqFjBq2j+6PO6Y0zJcvzLAFhEFIO3HL0vls9hWLncZbAAbK0mar7oZ4V079I/qPMxg==",
      "requires": {
        "tslib": "^2.1.0"
      }
    },
    "tslib": {
      "version": "2.6.3",
      "resolved": "https://registry.npmjs.org/tslib/-/tslib-2.6.3.tgz",
      "integrity": "sha512-xNvxJEOUiWPGhUuUdQgAJPKOOJfGnIyKySOc09XkKsgdUV/3E2zvwZYdejjmRgPCgcym1juLH3226yA7sEFJKQ=="
    },
    "ws": {
      "version": "8.2.3",
      "resolved": "https://registry.npmjs.org/ws/-/ws-8.2.3.tgz",
      "integrity": "sha512-wBuoj1BDpC6ZQ1B7DWQBYVLphPWkm8i9Y0/3YdHjHKHiohOJ1ws+3OccDWtH+PoC9DZD5WOTrJvNbWvjS6JWaA==",
      "requires": {}
    }
  }
}
